
Microsoft Visual Studio Solution File, Format Version 12.00
# Visual Studio Version 17
VisualStudioVersion = 17.6.33723.286
MinimumVisualStudioVersion = 10.0.40219.1
Project("{FAE04EC0-301F-11D3-BF4B-00C04F79EFBC}") = "dovızal", "dovızal\dovızal.csproj", "{BB7B7D6D-A954-4A15-97D9-9BA81103545E}"
EndProject
Global
	GlobalSection(SolutionConfigurationPlatforms) = preSolution
		Debug|Any CPU = Debug|Any CPU
		Release|Any CPU = Release|Any CPU
	EndGlobalSection
	GlobalSection(ProjectConfigurationPlatforms) = postSolution
		{BB7B7D6D-A954-4A15-97D9-9BA81103545E}.Debug|Any CPU.ActiveCfg = Debug|Any CPU
		{BB7B7D6D-A954-4A15-97D9-9BA81103545E}.Debug|Any CPU.Build.0 = Debug|Any CPU
		{BB7B7D6D-A954-4A15-97D9-9BA81103545E}.Release|Any CPU.ActiveCfg = Release|Any CPU
		{BB7B7D6D-A954-4A15-97D9-9BA81103545E}.Release|Any CPU.Build.0 = Release|Any CPU
	EndGlobalSection
	GlobalSection(SolutionProperties) = preSolution
		HideSolutionNode = FALSE
	EndGlobalSection
	GlobalSection(ExtensibilityGlobals) = postSolution
		SolutionGuid = {8E7C9F1E-2357-4D0E-92B8-9A954106D138}
	EndGlobalSection
EndGlobal
